
Microsoft Visual Studio Solution File, Format Version 12.00
# Visual Studio Version 16
VisualStudioVersion = 16.0.30011.22
MinimumVisualStudioVersion = 10.0.40219.1
Project("{FAE04EC0-301F-11D3-BF4B-00C04F79EFBC}") = "Union Find Aidan McNabb", "Union Find Aidan McNabb\Union Find Aidan McNabb.csproj", "{9357688F-CCE2-4828-B246-AB45875B81BF}"
EndProject
Global
	GlobalSection(SolutionConfigurationPlatforms) = preSolution
		Debug|Any CPU = Debug|Any CPU
		Release|Any CPU = Release|Any CPU
	EndGlobalSection
	GlobalSection(ProjectConfigurationPlatforms) = postSolution
		{9357688F-CCE2-4828-B246-AB45875B81BF}.Debug|Any CPU.ActiveCfg = Debug|Any CPU
		{9357688F-CCE2-4828-B246-AB45875B81BF}.Debug|Any CPU.Build.0 = Debug|Any CPU
		{9357688F-CCE2-4828-B246-AB45875B81BF}.Release|Any CPU.ActiveCfg = Release|Any CPU
		{9357688F-CCE2-4828-B246-AB45875B81BF}.Release|Any CPU.Build.0 = Release|Any CPU
	EndGlobalSection
	GlobalSection(SolutionProperties) = preSolution
		HideSolutionNode = FALSE
	EndGlobalSection
	GlobalSection(ExtensibilityGlobals) = postSolution
		SolutionGuid = {D05B394A-A056-4199-8389-B8163033E1B0}
	EndGlobalSection
EndGlobal
